
Microsoft Visual Studio Solution File, Format Version 12.00
# Visual Studio 15
VisualStudioVersion = 15.0.28307.168
MinimumVisualStudioVersion = 10.0.40219.1
Project("{FAE04EC0-301F-11D3-BF4B-00C04F79EFBC}") = "WpfApp2", "WpfApp2\WpfApp2.csproj", "{A651FC6B-D0B9-4F05-A2A7-2A44DD96EA03}"
EndProject
Global
	GlobalSection(SolutionConfigurationPlatforms) = preSolution
		Debug|Any CPU = Debug|Any CPU
		Release|Any CPU = Release|Any CPU
	EndGlobalSection
	GlobalSection(ProjectConfigurationPlatforms) = postSolution
		{A651FC6B-D0B9-4F05-A2A7-2A44DD96EA03}.Debug|Any CPU.ActiveCfg = Debug|Any CPU
		{A651FC6B-D0B9-4F05-A2A7-2A44DD96EA03}.Debug|Any CPU.Build.0 = Debug|Any CPU
		{A651FC6B-D0B9-4F05-A2A7-2A44DD96EA03}.Release|Any CPU.ActiveCfg = Release|Any CPU
		{A651FC6B-D0B9-4F05-A2A7-2A44DD96EA03}.Release|Any CPU.Build.0 = Release|Any CPU
	EndGlobalSection
	GlobalSection(SolutionProperties) = preSolution
		HideSolutionNode = FALSE
	EndGlobalSection
	GlobalSection(ExtensibilityGlobals) = postSolution
		SolutionGuid = {290AF4C1-8D8C-4C14-8C25-5BAE9068B485}
	EndGlobalSection
EndGlobal
